
Microsoft Visual Studio Solution File, Format Version 12.00
# Visual Studio 15
VisualStudioVersion = 15.0.28010.2003
MinimumVisualStudioVersion = 10.0.40219.1
Project("{FAE04EC0-301F-11D3-BF4B-00C04F79EFBC}") = "PimpedRose", "PimpedRose\PimpedRose.csproj", "{43C456CF-17B4-46D0-B7DE-5071D88087E8}"
EndProject
Global
	GlobalSection(SolutionConfigurationPlatforms) = preSolution
		Debug|Any CPU = Debug|Any CPU
		Release|Any CPU = Release|Any CPU
	EndGlobalSection
	GlobalSection(ProjectConfigurationPlatforms) = postSolution
		{43C456CF-17B4-46D0-B7DE-5071D88087E8}.Debug|Any CPU.ActiveCfg = Debug|Any CPU
		{43C456CF-17B4-46D0-B7DE-5071D88087E8}.Debug|Any CPU.Build.0 = Debug|Any CPU
		{43C456CF-17B4-46D0-B7DE-5071D88087E8}.Release|Any CPU.ActiveCfg = Release|Any CPU
		{43C456CF-17B4-46D0-B7DE-5071D88087E8}.Release|Any CPU.Build.0 = Release|Any CPU
	EndGlobalSection
	GlobalSection(SolutionProperties) = preSolution
		HideSolutionNode = FALSE
	EndGlobalSection
	GlobalSection(ExtensibilityGlobals) = postSolution
		SolutionGuid = {884B68FF-49A3-4C7C-851D-7421B98A2609}
	EndGlobalSection
EndGlobal
